
Microsoft Visual Studio Solution File, Format Version 12.00
# Visual Studio Version 17
VisualStudioVersion = 17.3.32929.385
MinimumVisualStudioVersion = 10.0.40219.1
Project("{FAE04EC0-301F-11D3-BF4B-00C04F79EFBC}") = "xadrex-console", "xadrex-console\xadrex-console.csproj", "{BDE61680-98C8-4970-9AAB-7206D33091E5}"
EndProject
Global
	GlobalSection(SolutionConfigurationPlatforms) = preSolution
		Debug|Any CPU = Debug|Any CPU
		Release|Any CPU = Release|Any CPU
	EndGlobalSection
	GlobalSection(ProjectConfigurationPlatforms) = postSolution
		{BDE61680-98C8-4970-9AAB-7206D33091E5}.Debug|Any CPU.ActiveCfg = Debug|Any CPU
		{BDE61680-98C8-4970-9AAB-7206D33091E5}.Debug|Any CPU.Build.0 = Debug|Any CPU
		{BDE61680-98C8-4970-9AAB-7206D33091E5}.Release|Any CPU.ActiveCfg = Release|Any CPU
		{BDE61680-98C8-4970-9AAB-7206D33091E5}.Release|Any CPU.Build.0 = Release|Any CPU
	EndGlobalSection
	GlobalSection(SolutionProperties) = preSolution
		HideSolutionNode = FALSE
	EndGlobalSection
	GlobalSection(ExtensibilityGlobals) = postSolution
		SolutionGuid = {28F0BF69-3DEA-420C-B3A6-EC95CBBE5603}
	EndGlobalSection
EndGlobal
